// !$*UTF8*$!
{
	archiveVersion = 1;
	classes = {
	};
	objectVersion = 77;
	objects = {

/* Begin PBXContainerItemProxy section */
		6E30C7BD2D0B3410009A85C1 /* PBXContainerItemProxy */ = {
			isa = PBXContainerItemProxy;
			containerPortal = 6E30C7A42D0B340F009A85C1 /* Project object */;
			proxyType = 1;
			remoteGlobalIDString = 6E30C7AB2D0B340F009A85C1;
			remoteInfo = "network-calls";
		};
		6E30C7C72D0B3410009A85C1 /* PBXContainerItemProxy */ = {
			isa = PBXContainerItemProxy;
			containerPortal = 6E30C7A42D0B340F009A85C1 /* Project object */;
			proxyType = 1;
			remoteGlobalIDString = 6E30C7AB2D0B340F009A85C1;
			remoteInfo = "network-calls";
		};
/* End PBXContainerItemProxy section */

/* Begin PBXFileReference section */
		6E30C7AC2D0B340F009A85C1 /* network-calls.app */ = {isa = PBXFileReference; explicitFileType = wrapper.application; includeInIndex = 0; path = "network-calls.app"; sourceTree = BUILT_PRODUCTS_DIR; };
		6E30C7BC2D0B3410009A85C1 /* network-callsTests.xctest */ = {isa = PBXFileReference; explicitFileType = wrapper.cfbundle; includeInIndex = 0; path = "network-callsTests.xctest"; sourceTree = BUILT_PRODUCTS_DIR; };
		6E30C7C62D0B3410009A85C1 /* network-callsUITests.xctest */ = {isa = PBXFileReference; explicitFileType = wrapper.cfbundle; includeInIndex = 0; path = "network-callsUITests.xctest"; sourceTree = BUILT_PRODUCTS_DIR; };
/* End PBXFileReference section */

/* Begin PBXFileSystemSynchronizedRootGroup section */
		6E30C7AE2D0B340F009A85C1 /* network-calls */ = {
			isa = PBXFileSystemSynchronizedRootGroup;
			path = "network-calls";
			sourceTree = "<group>";
		};
		6E30C7BF2D0B3410009A85C1 /* network-callsTests */ = {
			isa = PBXFileSystemSynchronizedRootGroup;
			path = "network-callsTests";
			sourceTree = "<group>";
		};
		6E30C7C92D0B3410009A85C1 /* network-callsUITests */ = {
			isa = PBXFileSystemSynchronizedRootGroup;
			path = "network-callsUITests";
			sourceTree = "<group>";
		};
/* End PBXFileSystemSynchronizedRootGroup section */

/* Begin PBXFrameworksBuildPhase section */
		6E30C7A92D0B340F009A85C1 /* Frameworks */ = {
			isa = PBXFrameworksBuildPhase;
			buildActionMask = 2147483647;
			files = (
			);
			runOnlyForDeploymentPostprocessing = 0;
		};
		6E30C7B92D0B3410009A85C1 /* Frameworks */ = {
			isa = PBXFrameworksBuildPhase;
			buildActionMask = 2147483647;
			files = (
			);
			runOnlyForDeploymentPostprocessing = 0;
		};
		6E30C7C32D0B3410009A85C1 /* Frameworks */ = {
			isa = PBXFrameworksBuildPhase;
			buildActionMask = 2147483647;
			files = (
			);
			runOnlyForDeploymentPostprocessing = 0;
		};
/* End PBXFrameworksBuildPhase section */

/* Begin PBXGroup section */
		6E30C7A32D0B340F009A85C1 = {
			isa = PBXGroup;
			children = (
				6E30C7AE2D0B340F009A85C1 /* network-calls */,
				6E30C7BF2D0B3410009A85C1 /* network-callsTests */,
				6E30C7C92D0B3410009A85C1 /* network-callsUITests */,
				6E30C7AD2D0B340F009A85C1 /* Products */,
			);
			sourceTree = "<group>";
		};
		6E30C7AD2D0B340F009A85C1 /* Products */ = {
			isa = PBXGroup;
			children = (
				6E30C7AC2D0B340F009A85C1 /* network-calls.app */,
				6E30C7BC2D0B3410009A85C1 /* network-callsTests.xctest */,
				6E30C7C62D0B3410009A85C1 /* network-callsUITests.xctest */,
			);
			name = Products;
			sourceTree = "<group>";
		};
/* End PBXGroup section */

/* Begin PBXNativeTarget section */
		6E30C7AB2D0B340F009A85C1 /* network-calls */ = {
			isa = PBXNativeTarget;
			buildConfigurationList = 6E30C7D02D0B3410009A85C1 /* Build configuration list for PBXNativeTarget "network-calls" */;
			buildPhases = (
				6E30C7A82D0B340F009A85C1 /* Sources */,
				6E30C7A92D0B340F009A85C1 /* Frameworks */,
				6E30C7AA2D0B340F009A85C1 /* Resources */,
			);
			buildRules = (
			);
			dependencies = (
			);
			fileSystemSynchronizedGroups = (
				6E30C7AE2D0B340F009A85C1 /* network-calls */,
			);
			name = "network-calls";
			packageProductDependencies = (
			);
			productName = "network-calls";
			productReference = 6E30C7AC2D0B340F009A85C1 /* network-calls.app */;
			productType = "com.apple.product-type.application";
		};
		6E30C7BB2D0B3410009A85C1 /* network-callsTests */ = {
			isa = PBXNativeTarget;
			buildConfigurationList = 6E30C7D32D0B3410009A85C1 /* Build configuration list for PBXNativeTarget "network-callsTests" */;
			buildPhases = (
				6E30C7B82D0B3410009A85C1 /* Sources */,
				6E30C7B92D0B3410009A85C1 /* Frameworks */,
				6E30C7BA2D0B3410009A85C1 /* Resources */,
			);
			buildRules = (
			);
			dependencies = (
				6E30C7BE2D0B3410009A85C1 /* PBXTargetDependency */,
			);
			fileSystemSynchronizedGroups = (
				6E30C7BF2D0B3410009A85C1 /* network-callsTests */,
			);
			name = "network-callsTests";
			packageProductDependencies = (
			);
			productName = "network-callsTests";
			productReference = 6E30C7BC2D0B3410009A85C1 /* network-callsTests.xctest */;
			productType = "com.apple.product-type.bundle.unit-test";
		};
		6E30C7C52D0B3410009A85C1 /* network-callsUITests */ = {
			isa = PBXNativeTarget;
			buildConfigurationList = 6E30C7D62D0B3410009A85C1 /* Build configuration list for PBXNativeTarget "network-callsUITests" */;
			buildPhases = (
				6E30C7C22D0B3410009A85C1 /* Sources */,
				6E30C7C32D0B3410009A85C1 /* Frameworks */,
				6E30C7C42D0B3410009A85C1 /* Resources */,
			);
			buildRules = (
			);
			dependencies = (
				6E30C7C82D0B3410009A85C1 /* PBXTargetDependency */,
			);
			fileSystemSynchronizedGroups = (
				6E30C7C92D0B3410009A85C1 /* network-callsUITests */,
			);
			name = "network-callsUITests";
			packageProductDependencies = (
			);
			productName = "network-callsUITests";
			productReference = 6E30C7C62D0B3410009A85C1 /* network-callsUITests.xctest */;
			productType = "com.apple.product-type.bundle.ui-testing";
		};
/* End PBXNativeTarget section */

/* Begin PBXProject section */
		6E30C7A42D0B340F009A85C1 /* Project object */ = {
			isa = PBXProject;
			attributes = {
				BuildIndependentTargetsInParallel = 1;
				LastSwiftUpdateCheck = 1610;
				LastUpgradeCheck = 1610;
				TargetAttributes = {
					6E30C7AB2D0B340F009A85C1 = {
						CreatedOnToolsVersion = 16.1;
					};
					6E30C7BB2D0B3410009A85C1 = {
						CreatedOnToolsVersion = 16.1;
						TestTargetID = 6E30C7AB2D0B340F009A85C1;
					};
					6E30C7C52D0B3410009A85C1 = {
						CreatedOnToolsVersion = 16.1;
						TestTargetID = 6E30C7AB2D0B340F009A85C1;
					};
				};
			};
			buildConfigurationList = 6E30C7A72D0B340F009A85C1 /* Build configuration list for PBXProject "network-calls" */;
			developmentRegion = en;
			hasScannedForEncodings = 0;
			knownRegions = (
				en,
				Base,
			);
			mainGroup = 6E30C7A32D0B340F009A85C1;
			minimizedProjectReferenceProxies = 1;
			preferredProjectObjectVersion = 77;
			productRefGroup = 6E30C7AD2D0B340F009A85C1 /* Products */;
			projectDirPath = "";
			projectRoot = "";
			targets = (
				6E30C7AB2D0B340F009A85C1 /* network-calls */,
				6E30C7BB2D0B3410009A85C1 /* network-callsTests */,
				6E30C7C52D0B3410009A85C1 /* network-callsUITests */,
			);
		};
/* End PBXProject section */

/* Begin PBXResourcesBuildPhase section */
		6E30C7AA2D0B340F009A85C1 /* Resources */ = {
			isa = PBXResourcesBuildPhase;
			buildActionMask = 2147483647;
			files = (
			);
			runOnlyForDeploymentPostprocessing = 0;
		};
		6E30C7BA2D0B3410009A85C1 /* Resources */ = {
			isa = PBXResourcesBuildPhase;
			buildActionMask = 2147483647;
			files = (
			);
			runOnlyForDeploymentPostprocessing = 0;
		};
		6E30C7C42D0B3410009A85C1 /* Resources */ = {
			isa = PBXResourcesBuildPhase;
			buildActionMask = 2147483647;
			files = (
			);
			runOnlyForDeploymentPostprocessing = 0;
		};
/* End PBXResourcesBuildPhase section */

/* Begin PBXSourcesBuildPhase section */
		6E30C7A82D0B340F009A85C1 /* Sources */ = {
			isa = PBXSourcesBuildPhase;
			buildActionMask = 2147483647;
			files = (
			);
			runOnlyForDeploymentPostprocessing = 0;
		};
		6E30C7B82D0B3410009A85C1 /* Sources */ = {
			isa = PBXSourcesBuildPhase;
			buildActionMask = 2147483647;
			files = (
			);
			runOnlyForDeploymentPostprocessing = 0;
		};
		6E30C7C22D0B3410009A85C1 /* Sources */ = {
			isa = PBXSourcesBuildPhase;
			buildActionMask = 2147483647;
			files = (
			);
			runOnlyForDeploymentPostprocessing = 0;
		};
/* End PBXSourcesBuildPhase section */

/* Begin PBXTargetDependency section */
		6E30C7BE2D0B3410009A85C1 /* PBXTargetDependency */ = {
			isa = PBXTargetDependency;
			target = 6E30C7AB2D0B340F009A85C1 /* network-calls */;
			targetProxy = 6E30C7BD2D0B3410009A85C1 /* PBXContainerItemProxy */;
		};
		6E30C7C82D0B3410009A85C1 /* PBXTargetDependency */ = {
			isa = PBXTargetDependency;
			target = 6E30C7AB2D0B340F009A85C1 /* network-calls */;
			targetProxy = 6E30C7C72D0B3410009A85C1 /* PBXContainerItemProxy */;
		};
/* End PBXTargetDependency section */

/* Begin XCBuildConfiguration section */
		6E30C7CE2D0B3410009A85C1 /* Debug */ = {
			isa = XCBuildConfiguration;
			buildSettings = {
				ALWAYS_SEARCH_USER_PATHS = NO;
				ASSETCATALOG_COMPILER_GENERATE_SWIFT_ASSET_SYMBOL_EXTENSIONS = YES;
				CLANG_ANALYZER_NONNULL = YES;
				CLANG_ANALYZER_NUMBER_OBJECT_CONVERSION = YES_AGGRESSIVE;
				CLANG_CXX_LANGUAGE_STANDARD = "gnu++20";
				CLANG_ENABLE_MODULES = YES;
				CLANG_ENABLE_OBJC_ARC = YES;
				CLANG_ENABLE_OBJC_WEAK = YES;
				CLANG_WARN_BLOCK_CAPTURE_AUTORELEASING = YES;
				CLANG_WARN_BOOL_CONVERSION = YES;
				CLANG_WARN_COMMA = YES;
				CLANG_WARN_CONSTANT_CONVERSION = YES;
				CLANG_WARN_DEPRECATED_OBJC_IMPLEMENTATIONS = YES;
				CLANG_WARN_DIRECT_OBJC_ISA_USAGE = YES_ERROR;
				CLANG_WARN_DOCUMENTATION_COMMENTS = YES;
				CLANG_WARN_EMPTY_BODY = YES;
				CLANG_WARN_ENUM_CONVERSION = YES;
				CLANG_WARN_INFINITE_RECURSION = YES;
				CLANG_WARN_INT_CONVERSION = YES;
				CLANG_WARN_NON_LITERAL_NULL_CONVERSION = YES;
				CLANG_WARN_OBJC_IMPLICIT_RETAIN_SELF = YES;
				CLANG_WARN_OBJC_LITERAL_CONVERSION = YES;
				CLANG_WARN_OBJC_ROOT_CLASS = YES_ERROR;
				CLANG_WARN_QUOTED_INCLUDE_IN_FRAMEWORK_HEADER = YES;
				CLANG_WARN_RANGE_LOOP_ANALYSIS = YES;
				CLANG_WARN_STRICT_PROTOTYPES = YES;
				CLANG_WARN_SUSPICIOUS_MOVE = YES;
				CLANG_WARN_UNGUARDED_AVAILABILITY = YES_AGGRESSIVE;
				CLANG_WARN_UNREACHABLE_CODE = YES;
				CLANG_WARN__DUPLICATE_METHOD_MATCH = YES;
				COPY_PHASE_STRIP = NO;
				DEBUG_INFORMATION_FORMAT = dwarf;
				ENABLE_STRICT_OBJC_MSGSEND = YES;
				ENABLE_TESTABILITY = YES;
				ENABLE_USER_SCRIPT_SANDBOXING = YES;
				GCC_C_LANGUAGE_STANDARD = gnu17;
				GCC_DYNAMIC_NO_PIC = NO;
				GCC_NO_COMMON_BLOCKS = YES;
				GCC_OPTIMIZATION_LEVEL = 0;
				GCC_PREPROCESSOR_DEFINITIONS = (
					"DEBUG=1",
					"$(inherited)",
				);
				GCC_WARN_64_TO_32_BIT_CONVERSION = YES;
				GCC_WARN_ABOUT_RETURN_TYPE = YES_ERROR;
				GCC_WARN_UNDECLARED_SELECTOR = YES;
				GCC_WARN_UNINITIALIZED_AUTOS = YES_AGGRESSIVE;
				GCC_WARN_UNUSED_FUNCTION = YES;
				GCC_WARN_UNUSED_VARIABLE = YES;
				IPHONEOS_DEPLOYMENT_TARGET = 18.1;
				LOCALIZATION_PREFERS_STRING_CATALOGS = YES;
				MTL_ENABLE_DEBUG_INFO = INCLUDE_SOURCE;
				MTL_FAST_MATH = YES;
				ONLY_ACTIVE_ARCH = YES;
				SDKROOT = iphoneos;
				SWIFT_ACTIVE_COMPILATION_CONDITIONS = "DEBUG $(inherited)";
				SWIFT_OPTIMIZATION_LEVEL = "-Onone";
			};
			name = Debug;
		};
		6E30C7CF2D0B3410009A85C1 /* Release */ = {
			isa = XCBuildConfiguration;
			buildSettings = {
				ALWAYS_SEARCH_USER_PATHS = NO;
				ASSETCATALOG_COMPILER_GENERATE_SWIFT_ASSET_SYMBOL_EXTENSIONS = YES;
				CLANG_ANALYZER_NONNULL = YES;
				CLANG_ANALYZER_NUMBER_OBJECT_CONVERSION = YES_AGGRESSIVE;
				CLANG_CXX_LANGUAGE_STANDARD = "gnu++20";
				CLANG_ENABLE_MODULES = YES;
				CLANG_ENABLE_OBJC_ARC = YES;
				CLANG_ENABLE_OBJC_WEAK = YES;
				CLANG_WARN_BLOCK_CAPTURE_AUTORELEASING = YES;
				CLANG_WARN_BOOL_CONVERSION = YES;
				CLANG_WARN_COMMA = YES;
				CLANG_WARN_CONSTANT_CONVERSION = YES;
				CLANG_WARN_DEPRECATED_OBJC_IMPLEMENTATIONS = YES;
				CLANG_WARN_DIRECT_OBJC_ISA_USAGE = YES_ERROR;
				CLANG_WARN_DOCUMENTATION_COMMENTS = YES;
				CLANG_WARN_EMPTY_BODY = YES;
				CLANG_WARN_ENUM_CONVERSION = YES;
				CLANG_WARN_INFINITE_RECURSION = YES;
				CLANG_WARN_INT_CONVERSION = YES;
				CLANG_WARN_NON_LITERAL_NULL_CONVERSION = YES;
				CLANG_WARN_OBJC_IMPLICIT_RETAIN_SELF = YES;
				CLANG_WARN_OBJC_LITERAL_CONVERSION = YES;
				CLANG_WARN_OBJC_ROOT_CLASS = YES_ERROR;
				CLANG_WARN_QUOTED_INCLUDE_IN_FRAMEWORK_HEADER = YES;
				CLANG_WARN_RANGE_LOOP_ANALYSIS = YES;
				CLANG_WARN_STRICT_PROTOTYPES = YES;
				CLANG_WARN_SUSPICIOUS_MOVE = YES;
				CLANG_WARN_UNGUARDED_AVAILABILITY = YES_AGGRESSIVE;
				CLANG_WARN_UNREACHABLE_CODE = YES;
				CLANG_WARN__DUPLICATE_METHOD_MATCH = YES;
				COPY_PHASE_STRIP = NO;
				DEBUG_INFORMATION_FORMAT = "dwarf-with-dsym";
				ENABLE_NS_ASSERTIONS = NO;
				ENABLE_STRICT_OBJC_MSGSEND = YES;
				ENABLE_USER_SCRIPT_SANDBOXING = YES;
				GCC_C_LANGUAGE_STANDARD = gnu17;
				GCC_NO_COMMON_BLOCKS = YES;
				GCC_WARN_64_TO_32_BIT_CONVERSION = YES;
				GCC_WARN_ABOUT_RETURN_TYPE = YES_ERROR;
				GCC_WARN_UNDECLARED_SELECTOR = YES;
				GCC_WARN_UNINITIALIZED_AUTOS = YES_AGGRESSIVE;
				GCC_WARN_UNUSED_FUNCTION = YES;
				GCC_WARN_UNUSED_VARIABLE = YES;
				IPHONEOS_DEPLOYMENT_TARGET = 18.1;
				LOCALIZATION_PREFERS_STRING_CATALOGS = YES;
				MTL_ENABLE_DEBUG_INFO = NO;
				MTL_FAST_MATH = YES;
				SDKROOT = iphoneos;
				SWIFT_COMPILATION_MODE = wholemodule;
				VALIDATE_PRODUCT = YES;
			};
			name = Release;
		};
		6E30C7D12D0B3410009A85C1 /* Debug */ = {
			isa = XCBuildConfiguration;
			buildSettings = {
				ASSETCATALOG_COMPILER_APPICON_NAME = AppIcon;
				ASSETCATALOG_COMPILER_GLOBAL_ACCENT_COLOR_NAME = AccentColor;
				CODE_SIGN_STYLE = Automatic;
				CURRENT_PROJECT_VERSION = 1;
				DEVELOPMENT_ASSET_PATHS = "\"network-calls/Preview Content\"";
				ENABLE_PREVIEWS = YES;
				GENERATE_INFOPLIST_FILE = YES;
				INFOPLIST_KEY_UIApplicationSceneManifest_Generation = YES;
				INFOPLIST_KEY_UIApplicationSupportsIndirectInputEvents = YES;
				INFOPLIST_KEY_UILaunchScreen_Generation = YES;
				INFOPLIST_KEY_UISupportedInterfaceOrientations_iPad = "UIInterfaceOrientationPortrait UIInterfaceOrientationPortraitUpsideDown UIInterfaceOrientationLandscapeLeft UIInterfaceOrientationLandscapeRight";
				INFOPLIST_KEY_UISupportedInterfaceOrientations_iPhone = "UIInterfaceOrientationPortrait UIInterfaceOrientationLandscapeLeft UIInterfaceOrientationLandscapeRight";
				LD_RUNPATH_SEARCH_PATHS = (
					"$(inherited)",
					"@executable_path/Frameworks",
				);
				MARKETING_VERSION = 1.0;
				PRODUCT_BUNDLE_IDENTIFIER = "yunaogsh.network-calls";
				PRODUCT_NAME = "$(TARGET_NAME)";
				SWIFT_EMIT_LOC_STRINGS = YES;
				SWIFT_VERSION = 5.0;
				TARGETED_DEVICE_FAMILY = "1,2";
			};
			name = Debug;
		};
		6E30C7D22D0B3410009A85C1 /* Release */ = {
			isa = XCBuildConfiguration;
			buildSettings = {
				ASSETCATALOG_COMPILER_APPICON_NAME = AppIcon;
				ASSETCATALOG_COMPILER_GLOBAL_ACCENT_COLOR_NAME = AccentColor;
				CODE_SIGN_STYLE = Automatic;
				CURRENT_PROJECT_VERSION = 1;
				DEVELOPMENT_ASSET_PATHS = "\"network-calls/Preview Content\"";
				ENABLE_PREVIEWS = YES;
				GENERATE_INFOPLIST_FILE = YES;
				INFOPLIST_KEY_UIApplicationSceneManifest_Generation = YES;
				INFOPLIST_KEY_UIApplicationSupportsIndirectInputEvents = YES;
				INFOPLIST_KEY_UILaunchScreen_Generation = YES;
				INFOPLIST_KEY_UISupportedInterfaceOrientations_iPad = "UIInterfaceOrientationPortrait UIInterfaceOrientationPortraitUpsideDown UIInterfaceOrientationLandscapeLeft UIInterfaceOrientationLandscapeRight";
				INFOPLIST_KEY_UISupportedInterfaceOrientations_iPhone = "UIInterfaceOrientationPortrait UIInterfaceOrientationLandscapeLeft UIInterfaceOrientationLandscapeRight";
				LD_RUNPATH_SEARCH_PATHS = (
					"$(inherited)",
					"@executable_path/Frameworks",
				);
				MARKETING_VERSION = 1.0;
				PRODUCT_BUNDLE_IDENTIFIER = "yunaogsh.network-calls";
				PRODUCT_NAME = "$(TARGET_NAME)";
				SWIFT_EMIT_LOC_STRINGS = YES;
				SWIFT_VERSION = 5.0;
				TARGETED_DEVICE_FAMILY = "1,2";
			};
			name = Release;
		};
		6E30C7D42D0B3410009A85C1 /* Debug */ = {
			isa = XCBuildConfiguration;
			buildSettings = {
				BUNDLE_LOADER = "$(TEST_HOST)";
				CODE_SIGN_STYLE = Automatic;
				CURRENT_PROJECT_VERSION = 1;
				GENERATE_INFOPLIST_FILE = YES;
				IPHONEOS_DEPLOYMENT_TARGET = 18.1;
				MARKETING_VERSION = 1.0;
				PRODUCT_BUNDLE_IDENTIFIER = "yunaogsh.network-callsTests";
				PRODUCT_NAME = "$(TARGET_NAME)";
				SWIFT_EMIT_LOC_STRINGS = NO;
				SWIFT_VERSION = 5.0;
				TARGETED_DEVICE_FAMILY = "1,2";
				TEST_HOST = "$(BUILT_PRODUCTS_DIR)/network-calls.app/$(BUNDLE_EXECUTABLE_FOLDER_PATH)/network-calls";
			};
			name = Debug;
		};
		6E30C7D52D0B3410009A85C1 /* Release */ = {
			isa = XCBuildConfiguration;
			buildSettings = {
				BUNDLE_LOADER = "$(TEST_HOST)";
				CODE_SIGN_STYLE = Automatic;
				CURRENT_PROJECT_VERSION = 1;
				GENERATE_INFOPLIST_FILE = YES;
				IPHONEOS_DEPLOYMENT_TARGET = 18.1;
				MARKETING_VERSION = 1.0;
				PRODUCT_BUNDLE_IDENTIFIER = "yunaogsh.network-callsTests";
				PRODUCT_NAME = "$(TARGET_NAME)";
				SWIFT_EMIT_LOC_STRINGS = NO;
				SWIFT_VERSION = 5.0;
				TARGETED_DEVICE_FAMILY = "1,2";
				TEST_HOST = "$(BUILT_PRODUCTS_DIR)/network-calls.app/$(BUNDLE_EXECUTABLE_FOLDER_PATH)/network-calls";
			};
			name = Release;
		};
		6E30C7D72D0B3410009A85C1 /* Debug */ = {
			isa = XCBuildConfiguration;
			buildSettings = {
				CODE_SIGN_STYLE = Automatic;
				CURRENT_PROJECT_VERSION = 1;
				GENERATE_INFOPLIST_FILE = YES;
				MARKETING_VERSION = 1.0;
				PRODUCT_BUNDLE_IDENTIFIER = "yunaogsh.network-callsUITests";
				PRODUCT_NAME = "$(TARGET_NAME)";
				SWIFT_EMIT_LOC_STRINGS = NO;
				SWIFT_VERSION = 5.0;
				TARGETED_DEVICE_FAMILY = "1,2";
				TEST_TARGET_NAME = "network-calls";
			};
			name = Debug;
		};
		6E30C7D82D0B3410009A85C1 /* Release */ = {
			isa = XCBuildConfiguration;
			buildSettings = {
				CODE_SIGN_STYLE = Automatic;
				CURRENT_PROJECT_VERSION = 1;
				GENERATE_INFOPLIST_FILE = YES;
				MARKETING_VERSION = 1.0;
				PRODUCT_BUNDLE_IDENTIFIER = "yunaogsh.network-callsUITests";
				PRODUCT_NAME = "$(TARGET_NAME)";
				SWIFT_EMIT_LOC_STRINGS = NO;
				SWIFT_VERSION = 5.0;
				TARGETED_DEVICE_FAMILY = "1,2";
				TEST_TARGET_NAME = "network-calls";
			};
			name = Release;
		};
/* End XCBuildConfiguration section */

/* Begin XCConfigurationList section */
		6E30C7A72D0B340F009A85C1 /* Build configuration list for PBXProject "network-calls" */ = {
			isa = XCConfigurationList;
			buildConfigurations = (
				6E30C7CE2D0B3410009A85C1 /* Debug */,
				6E30C7CF2D0B3410009A85C1 /* Release */,
			);
			defaultConfigurationIsVisible = 0;
			defaultConfigurationName = Release;
		};
		6E30C7D02D0B3410009A85C1 /* Build configuration list for PBXNativeTarget "network-calls" */ = {
			isa = XCConfigurationList;
			buildConfigurations = (
				6E30C7D12D0B3410009A85C1 /* Debug */,
				6E30C7D22D0B3410009A85C1 /* Release */,
			);
			defaultConfigurationIsVisible = 0;
			defaultConfigurationName = Release;
		};
		6E30C7D32D0B3410009A85C1 /* Build configuration list for PBXNativeTarget "network-callsTests" */ = {
			isa = XCConfigurationList;
			buildConfigurations = (
				6E30C7D42D0B3410009A85C1 /* Debug */,
				6E30C7D52D0B3410009A85C1 /* Release */,
			);
			defaultConfigurationIsVisible = 0;
			defaultConfigurationName = Release;
		};
		6E30C7D62D0B3410009A85C1 /* Build configuration list for PBXNativeTarget "network-callsUITests" */ = {
			isa = XCConfigurationList;
			buildConfigurations = (
				6E30C7D72D0B3410009A85C1 /* Debug */,
				6E30C7D82D0B3410009A85C1 /* Release */,
			);
			defaultConfigurationIsVisible = 0;
			defaultConfigurationName = Release;
		};
/* End XCConfigurationList section */
	};
	rootObject = 6E30C7A42D0B340F009A85C1 /* Project object */;
}
